
Microsoft Visual Studio Solution File, Format Version 12.00
# Visual Studio Version 17
VisualStudioVersion = 17.0.32014.148
MinimumVisualStudioVersion = 10.0.40219.1
Project("{FAE04EC0-301F-11D3-BF4B-00C04F79EFBC}") = "GamesReviewWeb-b", "GamesReviewWeb-b\GamesReviewWeb-b.csproj", "{42419F07-76FD-4EEB-8D99-8590892C7E67}"
EndProject
Global
	GlobalSection(SolutionConfigurationPlatforms) = preSolution
		Debug|Any CPU = Debug|Any CPU
		Release|Any CPU = Release|Any CPU
	EndGlobalSection
	GlobalSection(ProjectConfigurationPlatforms) = postSolution
		{42419F07-76FD-4EEB-8D99-8590892C7E67}.Debug|Any CPU.ActiveCfg = Debug|Any CPU
		{42419F07-76FD-4EEB-8D99-8590892C7E67}.Debug|Any CPU.Build.0 = Debug|Any CPU
		{42419F07-76FD-4EEB-8D99-8590892C7E67}.Release|Any CPU.ActiveCfg = Release|Any CPU
		{42419F07-76FD-4EEB-8D99-8590892C7E67}.Release|Any CPU.Build.0 = Release|Any CPU
	EndGlobalSection
	GlobalSection(SolutionProperties) = preSolution
		HideSolutionNode = FALSE
	EndGlobalSection
	GlobalSection(ExtensibilityGlobals) = postSolution
		SolutionGuid = {5B9F5866-FD33-42DF-98CE-692E8C30BCA8}
	EndGlobalSection
EndGlobal
